// !$*UTF8*$!
{
	archiveVersion = 1;
	classes = {
	};
	objectVersion = 50;
	objects = {

/* Begin PBXBuildFile section */
		DB2211410666386E1D5DB124 /* libPods-naggr.a in Frameworks */ = {isa = PBXBuildFile; fileRef = 982C6EAA85DC7F2A3F85E9D1 /* libPods-naggr.a */; };
		DD60CADA20F0E36100CECFED /* AppDelegate.swift in Sources */ = {isa = PBXBuildFile; fileRef = DD60CAD920F0E36100CECFED /* AppDelegate.swift */; };
		DD60CADC20F0E36100CECFED /* HomePagerViewController.swift in Sources */ = {isa = PBXBuildFile; fileRef = DD60CADB20F0E36100CECFED /* HomePagerViewController.swift */; };
		DD60CADF20F0E36100CECFED /* Main.storyboard in Resources */ = {isa = PBXBuildFile; fileRef = DD60CADD20F0E36100CECFED /* Main.storyboard */; };
		DD60CAE120F0E36300CECFED /* Assets.xcassets in Resources */ = {isa = PBXBuildFile; fileRef = DD60CAE020F0E36300CECFED /* Assets.xcassets */; };
		DD60CAE420F0E36300CECFED /* LaunchScreen.storyboard in Resources */ = {isa = PBXBuildFile; fileRef = DD60CAE220F0E36300CECFED /* LaunchScreen.storyboard */; };
		DD744A4820F1859C00C67586 /* naggrLogo.png in Resources */ = {isa = PBXBuildFile; fileRef = DD744A4720F1859C00C67586 /* naggrLogo.png */; };
		DD8B9FAA20F0EBC00074A82F /* Reclame.ttf in Resources */ = {isa = PBXBuildFile; fileRef = DD8B9FA920F0EBC00074A82F /* Reclame.ttf */; };
		DD8B9FAC20F0F4290074A82F /* Nag.swift in Sources */ = {isa = PBXBuildFile; fileRef = DD8B9FAB20F0F4290074A82F /* Nag.swift */; };
		DD8B9FAE20F0FA1B0074A82F /* NagViewController.swift in Sources */ = {isa = PBXBuildFile; fileRef = DD8B9FAD20F0FA1B0074A82F /* NagViewController.swift */; };
		DD8B9FB020F109770074A82F /* testContact.jpg in Resources */ = {isa = PBXBuildFile; fileRef = DD8B9FAF20F109770074A82F /* testContact.jpg */; };
		DD8B9FB420F144C80074A82F /* NavigationViewController.swift in Sources */ = {isa = PBXBuildFile; fileRef = DD8B9FB320F144C80074A82F /* NavigationViewController.swift */; };
/* End PBXBuildFile section */

/* Begin PBXFileReference section */
		100F18C77111A471C010163F /* Pods-naggr.debug.xcconfig */ = {isa = PBXFileReference; includeInIndex = 1; lastKnownFileType = text.xcconfig; name = "Pods-naggr.debug.xcconfig"; path = "Pods/Target Support Files/Pods-naggr/Pods-naggr.debug.xcconfig"; sourceTree = "<group>"; };
		24F9313A53B2230F133E48F0 /* Pods-naggr.release.xcconfig */ = {isa = PBXFileReference; includeInIndex = 1; lastKnownFileType = text.xcconfig; name = "Pods-naggr.release.xcconfig"; path = "Pods/Target Support Files/Pods-naggr/Pods-naggr.release.xcconfig"; sourceTree = "<group>"; };
		982C6EAA85DC7F2A3F85E9D1 /* libPods-naggr.a */ = {isa = PBXFileReference; explicitFileType = archive.ar; includeInIndex = 0; path = "libPods-naggr.a"; sourceTree = BUILT_PRODUCTS_DIR; };
		DD60CAD620F0E36100CECFED /* naggr.app */ = {isa = PBXFileReference; explicitFileType = wrapper.application; includeInIndex = 0; path = naggr.app; sourceTree = BUILT_PRODUCTS_DIR; };
		DD60CAD920F0E36100CECFED /* AppDelegate.swift */ = {isa = PBXFileReference; lastKnownFileType = sourcecode.swift; path = AppDelegate.swift; sourceTree = "<group>"; };
		DD60CADB20F0E36100CECFED /* HomePagerViewController.swift */ = {isa = PBXFileReference; lastKnownFileType = sourcecode.swift; path = HomePagerViewController.swift; sourceTree = "<group>"; };
		DD60CADE20F0E36100CECFED /* Base */ = {isa = PBXFileReference; lastKnownFileType = file.storyboard; name = Base; path = Base.lproj/Main.storyboard; sourceTree = "<group>"; };
		DD60CAE020F0E36300CECFED /* Assets.xcassets */ = {isa = PBXFileReference; lastKnownFileType = folder.assetcatalog; path = Assets.xcassets; sourceTree = "<group>"; };
		DD60CAE320F0E36300CECFED /* Base */ = {isa = PBXFileReference; lastKnownFileType = file.storyboard; name = Base; path = Base.lproj/LaunchScreen.storyboard; sourceTree = "<group>"; };
		DD60CAE520F0E36300CECFED /* Info.plist */ = {isa = PBXFileReference; lastKnownFileType = text.plist.xml; path = Info.plist; sourceTree = "<group>"; };
		DD744A4720F1859C00C67586 /* naggrLogo.png */ = {isa = PBXFileReference; lastKnownFileType = image.png; path = naggrLogo.png; sourceTree = "<group>"; };
		DD8B9FA920F0EBC00074A82F /* Reclame.ttf */ = {isa = PBXFileReference; lastKnownFileType = file; path = Reclame.ttf; sourceTree = "<group>"; };
		DD8B9FAB20F0F4290074A82F /* Nag.swift */ = {isa = PBXFileReference; lastKnownFileType = sourcecode.swift; path = Nag.swift; sourceTree = "<group>"; };
		DD8B9FAD20F0FA1B0074A82F /* NagViewController.swift */ = {isa = PBXFileReference; lastKnownFileType = sourcecode.swift; path = NagViewController.swift; sourceTree = "<group>"; };
		DD8B9FAF20F109770074A82F /* testContact.jpg */ = {isa = PBXFileReference; lastKnownFileType = image.jpeg; path = testContact.jpg; sourceTree = "<group>"; };
		DD8B9FB320F144C80074A82F /* NavigationViewController.swift */ = {isa = PBXFileReference; lastKnownFileType = sourcecode.swift; path = NavigationViewController.swift; sourceTree = "<group>"; };
/* End PBXFileReference section */

/* Begin PBXFrameworksBuildPhase section */
		DD60CAD320F0E36100CECFED /* Frameworks */ = {
			isa = PBXFrameworksBuildPhase;
			buildActionMask = 2147483647;
			files = (
				DB2211410666386E1D5DB124 /* libPods-naggr.a in Frameworks */,
			);
			runOnlyForDeploymentPostprocessing = 0;
		};
/* End PBXFrameworksBuildPhase section */

/* Begin PBXGroup section */
		83CDE6F0555F053615CE9FA2 /* Pods */ = {
			isa = PBXGroup;
			children = (
				100F18C77111A471C010163F /* Pods-naggr.debug.xcconfig */,
				24F9313A53B2230F133E48F0 /* Pods-naggr.release.xcconfig */,
			);
			name = Pods;
			sourceTree = "<group>";
		};
		DD60CACD20F0E36100CECFED = {
			isa = PBXGroup;
			children = (
				DD60CAD820F0E36100CECFED /* naggr */,
				DD60CAD720F0E36100CECFED /* Products */,
				83CDE6F0555F053615CE9FA2 /* Pods */,
				E456828A85FE6C10491E5B5C /* Frameworks */,
			);
			sourceTree = "<group>";
		};
		DD60CAD720F0E36100CECFED /* Products */ = {
			isa = PBXGroup;
			children = (
				DD60CAD620F0E36100CECFED /* naggr.app */,
			);
			name = Products;
			sourceTree = "<group>";
		};
		DD60CAD820F0E36100CECFED /* naggr */ = {
			isa = PBXGroup;
			children = (
				DD60CAEE20F0E97A00CECFED /* Utils */,
				DD60CAED20F0E94700CECFED /* Models */,
				DD60CAEC20F0E91300CECFED /* Controllers */,
				DD60CAEB20F0E90800CECFED /* Resources */,
				DD60CAD920F0E36100CECFED /* AppDelegate.swift */,
				DD60CADD20F0E36100CECFED /* Main.storyboard */,
				DD60CAE020F0E36300CECFED /* Assets.xcassets */,
				DD60CAE220F0E36300CECFED /* LaunchScreen.storyboard */,
				DD60CAE520F0E36300CECFED /* Info.plist */,
			);
			path = naggr;
			sourceTree = "<group>";
		};
		DD60CAEB20F0E90800CECFED /* Resources */ = {
			isa = PBXGroup;
			children = (
				DD744A4720F1859C00C67586 /* naggrLogo.png */,
				DD8B9FAF20F109770074A82F /* testContact.jpg */,
				DD8B9FA920F0EBC00074A82F /* Reclame.ttf */,
			);
			path = Resources;
			sourceTree = "<group>";
		};
		DD60CAEC20F0E91300CECFED /* Controllers */ = {
			isa = PBXGroup;
			children = (
				DD60CADB20F0E36100CECFED /* HomePagerViewController.swift */,
				DD8B9FAD20F0FA1B0074A82F /* NagViewController.swift */,
				DD8B9FB320F144C80074A82F /* NavigationViewController.swift */,
			);
			path = Controllers;
			sourceTree = "<group>";
		};
		DD60CAED20F0E94700CECFED /* Models */ = {
			isa = PBXGroup;
			children = (
				DD8B9FAB20F0F4290074A82F /* Nag.swift */,
			);
			path = Models;
			sourceTree = "<group>";
		};
		DD60CAEE20F0E97A00CECFED /* Utils */ = {
			isa = PBXGroup;
			children = (
			);
			path = Utils;
			sourceTree = "<group>";
		};
		E456828A85FE6C10491E5B5C /* Frameworks */ = {
			isa = PBXGroup;
			children = (
				982C6EAA85DC7F2A3F85E9D1 /* libPods-naggr.a */,
			);
			name = Frameworks;
			sourceTree = "<group>";
		};
/* End PBXGroup section */

/* Begin PBXNativeTarget section */
		DD60CAD520F0E36100CECFED /* naggr */ = {
			isa = PBXNativeTarget;
			buildConfigurationList = DD60CAE820F0E36300CECFED /* Build configuration list for PBXNativeTarget "naggr" */;
			buildPhases = (
				9B9A7184C9BC6F0E8763B21D /* [CP] Check Pods Manifest.lock */,
				DD60CAD220F0E36100CECFED /* Sources */,
				DD60CAD320F0E36100CECFED /* Frameworks */,
				DD60CAD420F0E36100CECFED /* Resources */,
			);
			buildRules = (
			);
			dependencies = (
			);
			name = naggr;
			productName = naggr;
			productReference = DD60CAD620F0E36100CECFED /* naggr.app */;
			productType = "com.apple.product-type.application";
		};
/* End PBXNativeTarget section */

/* Begin PBXProject section */
		DD60CACE20F0E36100CECFED /* Project object */ = {
			isa = PBXProject;
			attributes = {
				LastSwiftUpdateCheck = 0940;
				LastUpgradeCheck = 0940;
				ORGANIZATIONNAME = naggr;
				TargetAttributes = {
					DD60CAD520F0E36100CECFED = {
						CreatedOnToolsVersion = 9.4.1;
					};
				};
			};
			buildConfigurationList = DD60CAD120F0E36100CECFED /* Build configuration list for PBXProject "naggr" */;
			compatibilityVersion = "Xcode 9.3";
			developmentRegion = en;
			hasScannedForEncodings = 0;
			knownRegions = (
				en,
				Base,
			);
			mainGroup = DD60CACD20F0E36100CECFED;
			productRefGroup = DD60CAD720F0E36100CECFED /* Products */;
			projectDirPath = "";
			projectRoot = "";
			targets = (
				DD60CAD520F0E36100CECFED /* naggr */,
			);
		};
/* End PBXProject section */

/* Begin PBXResourcesBuildPhase section */
		DD60CAD420F0E36100CECFED /* Resources */ = {
			isa = PBXResourcesBuildPhase;
			buildActionMask = 2147483647;
			files = (
				DD8B9FAA20F0EBC00074A82F /* Reclame.ttf in Resources */,
				DD60CAE420F0E36300CECFED /* LaunchScreen.storyboard in Resources */,
				DD744A4820F1859C00C67586 /* naggrLogo.png in Resources */,
				DD60CAE120F0E36300CECFED /* Assets.xcassets in Resources */,
				DD8B9FB020F109770074A82F /* testContact.jpg in Resources */,
				DD60CADF20F0E36100CECFED /* Main.storyboard in Resources */,
			);
			runOnlyForDeploymentPostprocessing = 0;
		};
/* End PBXResourcesBuildPhase section */

/* Begin PBXShellScriptBuildPhase section */
		9B9A7184C9BC6F0E8763B21D /* [CP] Check Pods Manifest.lock */ = {
			isa = PBXShellScriptBuildPhase;
			buildActionMask = 2147483647;
			files = (
			);
			inputPaths = (
				"${PODS_PODFILE_DIR_PATH}/Podfile.lock",
				"${PODS_ROOT}/Manifest.lock",
			);
			name = "[CP] Check Pods Manifest.lock";
			outputPaths = (
				"$(DERIVED_FILE_DIR)/Pods-naggr-checkManifestLockResult.txt",
			);
			runOnlyForDeploymentPostprocessing = 0;
			shellPath = /bin/sh;
			shellScript = "diff \"${PODS_PODFILE_DIR_PATH}/Podfile.lock\" \"${PODS_ROOT}/Manifest.lock\" > /dev/null\nif [ $? != 0 ] ; then\n    # print error to STDERR\n    echo \"error: The sandbox is not in sync with the Podfile.lock. Run 'pod install' or update your CocoaPods installation.\" >&2\n    exit 1\nfi\n# This output is used by Xcode 'outputs' to avoid re-running this script phase.\necho \"SUCCESS\" > \"${SCRIPT_OUTPUT_FILE_0}\"\n";
			showEnvVarsInLog = 0;
		};
/* End PBXShellScriptBuildPhase section */

/* Begin PBXSourcesBuildPhase section */
		DD60CAD220F0E36100CECFED /* Sources */ = {
			isa = PBXSourcesBuildPhase;
			buildActionMask = 2147483647;
			files = (
				DD8B9FB420F144C80074A82F /* NavigationViewController.swift in Sources */,
				DD60CADC20F0E36100CECFED /* HomePagerViewController.swift in Sources */,
				DD60CADA20F0E36100CECFED /* AppDelegate.swift in Sources */,
				DD8B9FAC20F0F4290074A82F /* Nag.swift in Sources */,
				DD8B9FAE20F0FA1B0074A82F /* NagViewController.swift in Sources */,
			);
			runOnlyForDeploymentPostprocessing = 0;
		};
/* End PBXSourcesBuildPhase section */

/* Begin PBXVariantGroup section */
		DD60CADD20F0E36100CECFED /* Main.storyboard */ = {
			isa = PBXVariantGroup;
			children = (
				DD60CADE20F0E36100CECFED /* Base */,
			);
			name = Main.storyboard;
			sourceTree = "<group>";
		};
		DD60CAE220F0E36300CECFED /* LaunchScreen.storyboard */ = {
			isa = PBXVariantGroup;
			children = (
				DD60CAE320F0E36300CECFED /* Base */,
			);
			name = LaunchScreen.storyboard;
			sourceTree = "<group>";
		};
/* End PBXVariantGroup section */

/* Begin XCBuildConfiguration section */
		DD60CAE620F0E36300CECFED /* Debug */ = {
			isa = XCBuildConfiguration;
			buildSettings = {
				ALWAYS_SEARCH_USER_PATHS = NO;
				CLANG_ANALYZER_NONNULL = YES;
				CLANG_ANALYZER_NUMBER_OBJECT_CONVERSION = YES_AGGRESSIVE;
				CLANG_CXX_LANGUAGE_STANDARD = "gnu++14";
				CLANG_CXX_LIBRARY = "libc++";
				CLANG_ENABLE_MODULES = YES;
				CLANG_ENABLE_OBJC_ARC = YES;
				CLANG_ENABLE_OBJC_WEAK = YES;
				CLANG_WARN_BLOCK_CAPTURE_AUTORELEASING = YES;
				CLANG_WARN_BOOL_CONVERSION = YES;
				CLANG_WARN_COMMA = YES;
				CLANG_WARN_CONSTANT_CONVERSION = YES;
				CLANG_WARN_DEPRECATED_OBJC_IMPLEMENTATIONS = YES;
				CLANG_WARN_DIRECT_OBJC_ISA_USAGE = YES_ERROR;
				CLANG_WARN_DOCUMENTATION_COMMENTS = YES;
				CLANG_WARN_EMPTY_BODY = YES;
				CLANG_WARN_ENUM_CONVERSION = YES;
				CLANG_WARN_INFINITE_RECURSION = YES;
				CLANG_WARN_INT_CONVERSION = YES;
				CLANG_WARN_NON_LITERAL_NULL_CONVERSION = YES;
				CLANG_WARN_OBJC_IMPLICIT_RETAIN_SELF = YES;
				CLANG_WARN_OBJC_LITERAL_CONVERSION = YES;
				CLANG_WARN_OBJC_ROOT_CLASS = YES_ERROR;
				CLANG_WARN_RANGE_LOOP_ANALYSIS = YES;
				CLANG_WARN_STRICT_PROTOTYPES = YES;
				CLANG_WARN_SUSPICIOUS_MOVE = YES;
				CLANG_WARN_UNGUARDED_AVAILABILITY = YES_AGGRESSIVE;
				CLANG_WARN_UNREACHABLE_CODE = YES;
				CLANG_WARN__DUPLICATE_METHOD_MATCH = YES;
				CODE_SIGN_IDENTITY = "iPhone Developer";
				COPY_PHASE_STRIP = NO;
				DEBUG_INFORMATION_FORMAT = dwarf;
				ENABLE_STRICT_OBJC_MSGSEND = YES;
				ENABLE_TESTABILITY = YES;
				GCC_C_LANGUAGE_STANDARD = gnu11;
				GCC_DYNAMIC_NO_PIC = NO;
				GCC_NO_COMMON_BLOCKS = YES;
				GCC_OPTIMIZATION_LEVEL = 0;
				GCC_PREPROCESSOR_DEFINITIONS = (
					"DEBUG=1",
					"$(inherited)",
				);
				GCC_WARN_64_TO_32_BIT_CONVERSION = YES;
				GCC_WARN_ABOUT_RETURN_TYPE = YES_ERROR;
				GCC_WARN_UNDECLARED_SELECTOR = YES;
				GCC_WARN_UNINITIALIZED_AUTOS = YES_AGGRESSIVE;
				GCC_WARN_UNUSED_FUNCTION = YES;
				GCC_WARN_UNUSED_VARIABLE = YES;
				IPHONEOS_DEPLOYMENT_TARGET = 11.4;
				MTL_ENABLE_DEBUG_INFO = YES;
				ONLY_ACTIVE_ARCH = YES;
				SDKROOT = iphoneos;
				SWIFT_ACTIVE_COMPILATION_CONDITIONS = DEBUG;
				SWIFT_OPTIMIZATION_LEVEL = "-Onone";
			};
			name = Debug;
		};
		DD60CAE720F0E36300CECFED /* Release */ = {
			isa = XCBuildConfiguration;
			buildSettings = {
				ALWAYS_SEARCH_USER_PATHS = NO;
				CLANG_ANALYZER_NONNULL = YES;
				CLANG_ANALYZER_NUMBER_OBJECT_CONVERSION = YES_AGGRESSIVE;
				CLANG_CXX_LANGUAGE_STANDARD = "gnu++14";
				CLANG_CXX_LIBRARY = "libc++";
				CLANG_ENABLE_MODULES = YES;
				CLANG_ENABLE_OBJC_ARC = YES;
				CLANG_ENABLE_OBJC_WEAK = YES;
				CLANG_WARN_BLOCK_CAPTURE_AUTORELEASING = YES;
				CLANG_WARN_BOOL_CONVERSION = YES;
				CLANG_WARN_COMMA = YES;
				CLANG_WARN_CONSTANT_CONVERSION = YES;
				CLANG_WARN_DEPRECATED_OBJC_IMPLEMENTATIONS = YES;
				CLANG_WARN_DIRECT_OBJC_ISA_USAGE = YES_ERROR;
				CLANG_WARN_DOCUMENTATION_COMMENTS = YES;
				CLANG_WARN_EMPTY_BODY = YES;
				CLANG_WARN_ENUM_CONVERSION = YES;
				CLANG_WARN_INFINITE_RECURSION = YES;
				CLANG_WARN_INT_CONVERSION = YES;
				CLANG_WARN_NON_LITERAL_NULL_CONVERSION = YES;
				CLANG_WARN_OBJC_IMPLICIT_RETAIN_SELF = YES;
				CLANG_WARN_OBJC_LITERAL_CONVERSION = YES;
				CLANG_WARN_OBJC_ROOT_CLASS = YES_ERROR;
				CLANG_WARN_RANGE_LOOP_ANALYSIS = YES;
				CLANG_WARN_STRICT_PROTOTYPES = YES;
				CLANG_WARN_SUSPICIOUS_MOVE = YES;
				CLANG_WARN_UNGUARDED_AVAILABILITY = YES_AGGRESSIVE;
				CLANG_WARN_UNREACHABLE_CODE = YES;
				CLANG_WARN__DUPLICATE_METHOD_MATCH = YES;
				CODE_SIGN_IDENTITY = "iPhone Developer";
				COPY_PHASE_STRIP = NO;
				DEBUG_INFORMATION_FORMAT = "dwarf-with-dsym";
				ENABLE_NS_ASSERTIONS = NO;
				ENABLE_STRICT_OBJC_MSGSEND = YES;
				GCC_C_LANGUAGE_STANDARD = gnu11;
				GCC_NO_COMMON_BLOCKS = YES;
				GCC_WARN_64_TO_32_BIT_CONVERSION = YES;
				GCC_WARN_ABOUT_RETURN_TYPE = YES_ERROR;
				GCC_WARN_UNDECLARED_SELECTOR = YES;
				GCC_WARN_UNINITIALIZED_AUTOS = YES_AGGRESSIVE;
				GCC_WARN_UNUSED_FUNCTION = YES;
				GCC_WARN_UNUSED_VARIABLE = YES;
				IPHONEOS_DEPLOYMENT_TARGET = 11.4;
				MTL_ENABLE_DEBUG_INFO = NO;
				SDKROOT = iphoneos;
				SWIFT_COMPILATION_MODE = wholemodule;
				SWIFT_OPTIMIZATION_LEVEL = "-O";
				VALIDATE_PRODUCT = YES;
			};
			name = Release;
		};
		DD60CAE920F0E36300CECFED /* Debug */ = {
			isa = XCBuildConfiguration;
			baseConfigurationReference = 100F18C77111A471C010163F /* Pods-naggr.debug.xcconfig */;
			buildSettings = {
				ASSETCATALOG_COMPILER_APPICON_NAME = AppIcon;
				CODE_SIGN_STYLE = Automatic;
				DEVELOPMENT_TEAM = 3DM8LKR2A5;
				INFOPLIST_FILE = naggr/Info.plist;
				IPHONEOS_DEPLOYMENT_TARGET = 9.0;
				LD_RUNPATH_SEARCH_PATHS = (
					"$(inherited)",
					"@executable_path/Frameworks",
				);
				PRODUCT_BUNDLE_IDENTIFIER = au.com.naggr.naggr;
				PRODUCT_NAME = "$(TARGET_NAME)";
				SWIFT_VERSION = 4.0;
				TARGETED_DEVICE_FAMILY = "1,2";
			};
			name = Debug;
		};
		DD60CAEA20F0E36300CECFED /* Release */ = {
			isa = XCBuildConfiguration;
			baseConfigurationReference = 24F9313A53B2230F133E48F0 /* Pods-naggr.release.xcconfig */;
			buildSettings = {
				ASSETCATALOG_COMPILER_APPICON_NAME = AppIcon;
				CODE_SIGN_STYLE = Automatic;
				DEVELOPMENT_TEAM = 3DM8LKR2A5;
				INFOPLIST_FILE = naggr/Info.plist;
				IPHONEOS_DEPLOYMENT_TARGET = 9.0;
				LD_RUNPATH_SEARCH_PATHS = (
					"$(inherited)",
					"@executable_path/Frameworks",
				);
				PRODUCT_BUNDLE_IDENTIFIER = au.com.naggr.naggr;
				PRODUCT_NAME = "$(TARGET_NAME)";
				SWIFT_VERSION = 4.0;
				TARGETED_DEVICE_FAMILY = "1,2";
			};
			name = Release;
		};
/* End XCBuildConfiguration section */

/* Begin XCConfigurationList section */
		DD60CAD120F0E36100CECFED /* Build configuration list for PBXProject "naggr" */ = {
			isa = XCConfigurationList;
			buildConfigurations = (
				DD60CAE620F0E36300CECFED /* Debug */,
				DD60CAE720F0E36300CECFED /* Release */,
			);
			defaultConfigurationIsVisible = 0;
			defaultConfigurationName = Release;
		};
		DD60CAE820F0E36300CECFED /* Build configuration list for PBXNativeTarget "naggr" */ = {
			isa = XCConfigurationList;
			buildConfigurations = (
				DD60CAE920F0E36300CECFED /* Debug */,
				DD60CAEA20F0E36300CECFED /* Release */,
			);
			defaultConfigurationIsVisible = 0;
			defaultConfigurationName = Release;
		};
/* End XCConfigurationList section */
	};
	rootObject = DD60CACE20F0E36100CECFED /* Project object */;
}
